
Microsoft Visual Studio Solution File, Format Version 12.00
# Visual Studio Version 17
VisualStudioVersion = 17.11.35327.3
MinimumVisualStudioVersion = 10.0.40219.1
Project("{FAE04EC0-301F-11D3-BF4B-00C04F79EFBC}") = "LookAlikeForm", "LookAlikeForm\LookAlikeForm.csproj", "{DBE8AB30-2573-4B21-9EBE-53E7E34ACE75}"
EndProject
Global
	GlobalSection(SolutionConfigurationPlatforms) = preSolution
		Debug|Any CPU = Debug|Any CPU
		Release|Any CPU = Release|Any CPU
	EndGlobalSection
	GlobalSection(ProjectConfigurationPlatforms) = postSolution
		{DBE8AB30-2573-4B21-9EBE-53E7E34ACE75}.Debug|Any CPU.ActiveCfg = Debug|Any CPU
		{DBE8AB30-2573-4B21-9EBE-53E7E34ACE75}.Debug|Any CPU.Build.0 = Debug|Any CPU
		{DBE8AB30-2573-4B21-9EBE-53E7E34ACE75}.Release|Any CPU.ActiveCfg = Release|Any CPU
		{DBE8AB30-2573-4B21-9EBE-53E7E34ACE75}.Release|Any CPU.Build.0 = Release|Any CPU
	EndGlobalSection
	GlobalSection(SolutionProperties) = preSolution
		HideSolutionNode = FALSE
	EndGlobalSection
	GlobalSection(ExtensibilityGlobals) = postSolution
		SolutionGuid = {3999549C-F77C-4754-85AA-57A1D41106B7}
	EndGlobalSection
EndGlobal
